	<Project xmlns="http://schemas.microsoft.com/developer/msbuild/2003">
		<PropertyGroup>
			<ProjectGuid>{6b289304-2e79-43d6-b22d-df73f373ab00}</ProjectGuid>
			<MainSource>DelphiMongoClientTests_XE2.dpr</MainSource>
			<Configuration Condition=" '$(Configuration)' == '' ">Debug</Configuration>
			<DCC_DCCCompiler>DCC32</DCC_DCCCompiler>
			<DCC_DependencyCheckOutputName>DelphiMongoClientTests.exe</DCC_DependencyCheckOutputName>
			<FrameworkType>VCL</FrameworkType>
			<ProjectVersion>13.4</ProjectVersion>
			<Base>True</Base>
			<Config Condition="'$(Config)'==''">Debug</Config>
			<Platform Condition="'$(Platform)'==''">Win32</Platform>
			<TargetedPlatforms>3</TargetedPlatforms>
			<AppType>Application</AppType>
		</PropertyGroup>
		<PropertyGroup Condition="'$(Config)'=='Base' or '$(Base)'!=''">
			<Base>true</Base>
		</PropertyGroup>
		<PropertyGroup Condition="('$(Platform)'=='Win64' and '$(Base)'=='true') or '$(Base_Win64)'!=''">
			<Base_Win64>true</Base_Win64>
			<CfgParent>Base</CfgParent>
			<Base>true</Base>
		</PropertyGroup>
		<PropertyGroup Condition="('$(Platform)'=='Win32' and '$(Base)'=='true') or '$(Base_Win32)'!=''">
			<Base_Win32>true</Base_Win32>
			<CfgParent>Base</CfgParent>
			<Base>true</Base>
		</PropertyGroup>
		<PropertyGroup Condition="'$(Config)'=='Release' or '$(Cfg_1)'!=''">
			<Cfg_1>true</Cfg_1>
			<CfgParent>Base</CfgParent>
			<Base>true</Base>
		</PropertyGroup>
		<PropertyGroup Condition="('$(Platform)'=='Win64' and '$(Cfg_1)'=='true') or '$(Cfg_1_Win64)'!=''">
			<Cfg_1_Win64>true</Cfg_1_Win64>
			<CfgParent>Cfg_1</CfgParent>
			<Cfg_1>true</Cfg_1>
			<Base>true</Base>
		</PropertyGroup>
		<PropertyGroup Condition="('$(Platform)'=='Win32' and '$(Cfg_1)'=='true') or '$(Cfg_1_Win32)'!=''">
			<Cfg_1_Win32>true</Cfg_1_Win32>
			<CfgParent>Cfg_1</CfgParent>
			<Cfg_1>true</Cfg_1>
			<Base>true</Base>
		</PropertyGroup>
		<PropertyGroup Condition="'$(Config)'=='Debug' or '$(Cfg_2)'!=''">
			<Cfg_2>true</Cfg_2>
			<CfgParent>Base</CfgParent>
			<Base>true</Base>
		</PropertyGroup>
		<PropertyGroup Condition="('$(Platform)'=='Win64' and '$(Cfg_2)'=='true') or '$(Cfg_2_Win64)'!=''">
			<Cfg_2_Win64>true</Cfg_2_Win64>
			<CfgParent>Cfg_2</CfgParent>
			<Cfg_2>true</Cfg_2>
			<Base>true</Base>
		</PropertyGroup>
		<PropertyGroup Condition="('$(Platform)'=='Win32' and '$(Cfg_2)'=='true') or '$(Cfg_2_Win32)'!=''">
			<Cfg_2_Win32>true</Cfg_2_Win32>
			<CfgParent>Cfg_2</CfgParent>
			<Cfg_2>true</Cfg_2>
			<Base>true</Base>
		</PropertyGroup>
		<PropertyGroup Condition="'$(Config)'=='Debug no Overrun' or '$(Cfg_5)'!=''">
			<Cfg_5>true</Cfg_5>
			<CfgParent>Cfg_2</CfgParent>
			<Cfg_2>true</Cfg_2>
			<Base>true</Base>
		</PropertyGroup>
		<PropertyGroup Condition="('$(Platform)'=='Win64' and '$(Cfg_5)'=='true') or '$(Cfg_5_Win64)'!=''">
			<Cfg_5_Win64>true</Cfg_5_Win64>
			<CfgParent>Cfg_5</CfgParent>
			<Cfg_5>true</Cfg_5>
			<Cfg_2>true</Cfg_2>
			<Base>true</Base>
		</PropertyGroup>
		<PropertyGroup Condition="('$(Platform)'=='Win32' and '$(Cfg_5)'=='true') or '$(Cfg_5_Win32)'!=''">
			<Cfg_5_Win32>true</Cfg_5_Win32>
			<CfgParent>Cfg_5</CfgParent>
			<Cfg_5>true</Cfg_5>
			<Cfg_2>true</Cfg_2>
			<Base>true</Base>
		</PropertyGroup>
		<PropertyGroup Condition="'$(Config)'=='DebugOnDemand' or '$(Cfg_3)'!=''">
			<Cfg_3>true</Cfg_3>
			<CfgParent>Base</CfgParent>
			<Base>true</Base>
		</PropertyGroup>
		<PropertyGroup Condition="('$(Platform)'=='Win64' and '$(Cfg_3)'=='true') or '$(Cfg_3_Win64)'!=''">
			<Cfg_3_Win64>true</Cfg_3_Win64>
			<CfgParent>Cfg_3</CfgParent>
			<Cfg_3>true</Cfg_3>
			<Base>true</Base>
		</PropertyGroup>
		<PropertyGroup Condition="('$(Platform)'=='Win32' and '$(Cfg_3)'=='true') or '$(Cfg_3_Win32)'!=''">
			<Cfg_3_Win32>true</Cfg_3_Win32>
			<CfgParent>Cfg_3</CfgParent>
			<Cfg_3>true</Cfg_3>
			<Base>true</Base>
		</PropertyGroup>
		<PropertyGroup Condition="'$(Base)'!=''">
			<Icon_MainIcon>DelphiMongoClientTests_Icon.ico</Icon_MainIcon>
			<Manifest_File>None</Manifest_File>
			<DCC_DcuOutput>.\DCU\$(Platform)\$(Config)</DCC_DcuOutput>
			<DCC_UnitSearchPath>$(BDS)\Source\DUnit\src;..\;$(DCC_UnitSearchPath)</DCC_UnitSearchPath>
			<DCC_Namespace>Vcl;Vcl.Imaging;Vcl.Touch;Vcl.Samples;Vcl.Shell;System;Xml;Data;Datasnap;Web;Soap;Winapi;$(DCC_Namespace)</DCC_Namespace>
			<VerInfo_Keys>CompanyName=;FileDescription=;FileVersion=1.0.0.0;InternalName=;LegalCopyright=;LegalTrademarks=;OriginalFilename=;ProductName=;ProductVersion=1.0.0.0;Comments=</VerInfo_Keys>
			<VerInfo_Locale>1033</VerInfo_Locale>
		</PropertyGroup>
		<PropertyGroup Condition="'$(Base_Win64)'!=''">
			<DCC_SYMBOL_PLATFORM>false</DCC_SYMBOL_PLATFORM>
			<DCC_SYMBOL_EXPERIMENTAL>false</DCC_SYMBOL_EXPERIMENTAL>
			<DCC_UNIT_DEPRECATED>false</DCC_UNIT_DEPRECATED>
			<DCC_SYMBOL_DEPRECATED>false</DCC_SYMBOL_DEPRECATED>
			<DCC_UNIT_PLATFORM>false</DCC_UNIT_PLATFORM>
			<DCC_UNIT_EXPERIMENTAL>false</DCC_UNIT_EXPERIMENTAL>
			<DCC_Namespace>System.Win;Data.Win;Datasnap.Win;Web.Win;Soap.Win;Xml.Win;$(DCC_Namespace)</DCC_Namespace>
			<VerInfo_IncludeVerInfo>true</VerInfo_IncludeVerInfo>
			<Manifest_File>$(BDS)\bin\default_app.manifest</Manifest_File>
		</PropertyGroup>
		<PropertyGroup Condition="'$(Base_Win32)'!=''">
			<DCC_SYMBOL_EXPERIMENTAL>false</DCC_SYMBOL_EXPERIMENTAL>
			<DCC_UNIT_DEPRECATED>false</DCC_UNIT_DEPRECATED>
			<DCC_SYMBOL_PLATFORM>false</DCC_SYMBOL_PLATFORM>
			<DCC_UNIT_PLATFORM>false</DCC_UNIT_PLATFORM>
			<DCC_SYMBOL_DEPRECATED>false</DCC_SYMBOL_DEPRECATED>
			<DCC_UNIT_EXPERIMENTAL>false</DCC_UNIT_EXPERIMENTAL>
			<DCC_IMPLICIT_STRING_CAST>false</DCC_IMPLICIT_STRING_CAST>
			<VerInfo_IncludeVerInfo>true</VerInfo_IncludeVerInfo>
			<DCC_Namespace>System.Win;Data.Win;Datasnap.Win;Web.Win;Soap.Win;Xml.Win;Bde;$(DCC_Namespace)</DCC_Namespace>
			<Manifest_File>$(BDS)\bin\default_app.manifest</Manifest_File>
		</PropertyGroup>
		<PropertyGroup Condition="'$(Cfg_1)'!=''">
			<Version>7.0</Version>
			<DCC_DebugInformation>False</DCC_DebugInformation>
			<DCC_LocalDebugSymbols>False</DCC_LocalDebugSymbols>
			<DCC_SymbolReferenceInfo>0</DCC_SymbolReferenceInfo>
			<DCC_Define>RELEASE;$(DCC_Define)</DCC_Define>
		</PropertyGroup>
		<PropertyGroup Condition="'$(Cfg_1_Win64)'!=''">
			<Manifest_File>$(BDS)\bin\default_app.manifest</Manifest_File>
			<PreBuildEvent><![CDATA[copy $(OUTPUTDIR)MongoC\x64\Release_Memory_Protection\MongoC.dll $(OUTPUTDIR)
$(PreBuildEvent)]]></PreBuildEvent>
			<DCC_Define>MONGO_MEMORY_PROTECTION;$(DCC_Define)</DCC_Define>
			<DCC_IMPLICIT_STRING_CAST_LOSS>false</DCC_IMPLICIT_STRING_CAST_LOSS>
			<DCC_IMPLICIT_STRING_CAST>false</DCC_IMPLICIT_STRING_CAST>
			<VerInfo_IncludeVerInfo>true</VerInfo_IncludeVerInfo>
		</PropertyGroup>
		<PropertyGroup Condition="'$(Cfg_1_Win32)'!=''">
			<Manifest_File>$(BDS)\bin\default_app.manifest</Manifest_File>
			<BRCC_Defines>MONGO_MEMORY_PROTECTION;$(BRCC_Defines)</BRCC_Defines>
			<PreBuildEvent><![CDATA[copy $(OUTPUTDIR)MongoC\Win32\Release_Memory_Protection\MongoC.dll $(OUTPUTDIR)
$(PreBuildEvent)]]></PreBuildEvent>
			<VerInfo_IncludeVerInfo>true</VerInfo_IncludeVerInfo>
		</PropertyGroup>
		<PropertyGroup Condition="'$(Cfg_2)'!=''">
			<DCC_IMPLICIT_STRING_CAST>false</DCC_IMPLICIT_STRING_CAST>
			<Version>7.0</Version>
			<DCC_Define>DEBUG</DCC_Define>
			<DCC_ObjOutput>X:\DCU\D2007</DCC_ObjOutput>
			<DCC_HppOutput>X:\DCU\D2007</DCC_HppOutput>
			<DCC_TYPEINFO_IMPLICITLY_ADDED>False</DCC_TYPEINFO_IMPLICITLY_ADDED>
			<DCC_StackSize>262144,1048576</DCC_StackSize>
			<DCC_SYMBOL_DEPRECATED>False</DCC_SYMBOL_DEPRECATED>
			<DCC_SYMBOL_LIBRARY>False</DCC_SYMBOL_LIBRARY>
			<DCC_SYMBOL_PLATFORM>False</DCC_SYMBOL_PLATFORM>
			<DCC_SYMBOL_EXPERIMENTAL>False</DCC_SYMBOL_EXPERIMENTAL>
			<DCC_UNIT_LIBRARY>False</DCC_UNIT_LIBRARY>
			<DCC_UNIT_PLATFORM>False</DCC_UNIT_PLATFORM>
			<DCC_UNIT_DEPRECATED>False</DCC_UNIT_DEPRECATED>
			<DCC_UNIT_EXPERIMENTAL>False</DCC_UNIT_EXPERIMENTAL>
			<DCC_MapFile>3</DCC_MapFile>
		</PropertyGroup>
		<PropertyGroup Condition="'$(Cfg_2_Win64)'!=''">
			<Manifest_File>$(BDS)\bin\default_app.manifest</Manifest_File>
			<PreBuildEvent><![CDATA[copy $(OUTPUTDIR)MongoC\x64\Debug_Memory_Protection\MongoC.dll $(OUTPUTDIR)
$(PreBuildEvent)]]></PreBuildEvent>
			<DCC_Define>MONGO_MEMORY_PROTECTION;$(DCC_Define)</DCC_Define>
			<DCC_DebugDCUs>true</DCC_DebugDCUs>
			<DCC_MapFile>0</DCC_MapFile>
			<DCC_RemoteDebug>true</DCC_RemoteDebug>
			<DCC_MaxStackSize>4000000</DCC_MaxStackSize>
			<DCC_Optimize>false</DCC_Optimize>
			<VerInfo_IncludeVerInfo>true</VerInfo_IncludeVerInfo>
			<DCC_DebugInfoInExe>true</DCC_DebugInfoInExe>
		</PropertyGroup>
		<PropertyGroup Condition="'$(Cfg_2_Win32)'!=''">
			<PreBuildEvent><![CDATA[copy $(OUTPUTDIR)MongoC\Win32\Debug_Memory_Protection\MongoC.dll  $(OUTPUTDIR)
$(PreBuildEvent)]]></PreBuildEvent>
			<Manifest_File>$(BDS)\bin\default_app.manifest</Manifest_File>
			<DCC_Define>MONGO_MEMORY_PROTECTION;$(DCC_Define)</DCC_Define>
			<VerInfo_IncludeVerInfo>true</VerInfo_IncludeVerInfo>
			<DCC_DebugInfoInExe>true</DCC_DebugInfoInExe>
		</PropertyGroup>
		<PropertyGroup Condition="'$(Cfg_5_Win64)'!=''">
			<PreBuildEvent><![CDATA[copy $(OUTPUTDIR)MongoC\x64\Debug\MongoC.dll $(OUTPUTDIR)
$(PreBuildEvent)]]></PreBuildEvent>
			<Manifest_File>$(BDS)\bin\default_app.manifest</Manifest_File>
			<VerInfo_IncludeVerInfo>true</VerInfo_IncludeVerInfo>
		</PropertyGroup>
		<PropertyGroup Condition="'$(Cfg_5_Win32)'!=''">
			<Manifest_File>$(BDS)\bin\default_app.manifest</Manifest_File>
			<PreBuildEvent><![CDATA[copy $(OUTPUTDIR)MongoC\Win32\Debug\MongoC.dll $(OUTPUTDIR)
$(PreBuildEvent)]]></PreBuildEvent>
			<DCC_Define>DEBUG</DCC_Define>
			<VerInfo_IncludeVerInfo>true</VerInfo_IncludeVerInfo>
		</PropertyGroup>
		<PropertyGroup Condition="'$(Cfg_3)'!=''">
			<DCC_Define>DEBUG;OnDemandMongoCLoad;$(DCC_Define)</DCC_Define>
		</PropertyGroup>
		<PropertyGroup Condition="'$(Cfg_3_Win64)'!=''">
			<PreBuildEvent><![CDATA[copy $(OUTPUTDIR)MongoC\x64\Debug_Memory_Protection\MongoC.dll $(OUTPUTDIR)
$(PreBuildEvent)]]></PreBuildEvent>
			<DCC_IMPLICIT_STRING_CAST>false</DCC_IMPLICIT_STRING_CAST>
			<Manifest_File>$(BDS)\bin\default_app.manifest</Manifest_File>
			<DCC_Define>MONGO_MEMORY_PROTECTION;$(DCC_Define)</DCC_Define>
			<DCC_DebugInfoInExe>true</DCC_DebugInfoInExe>
			<VerInfo_IncludeVerInfo>true</VerInfo_IncludeVerInfo>
		</PropertyGroup>
		<PropertyGroup Condition="'$(Cfg_3_Win32)'!=''">
			<PreBuildEvent><![CDATA[copy $(OUTPUTDIR)MongoC\Win32\Debug_Memory_Protection\MongoC.dll $(OUTPUTDIR)
$(PreBuildEvent)]]></PreBuildEvent>
			<Manifest_File>$(BDS)\bin\default_app.manifest</Manifest_File>
			<DCC_GenerateStackFrames>true</DCC_GenerateStackFrames>
			<DCC_RemoteDebug>true</DCC_RemoteDebug>
			<DCC_ImportedDataReferences>false</DCC_ImportedDataReferences>
			<VerInfo_IncludeVerInfo>true</VerInfo_IncludeVerInfo>
			<DCC_DebugInfoInExe>true</DCC_DebugInfoInExe>
		</PropertyGroup>
		<ProjectExtensions>
			<Borland.Personality>Delphi.Personality.12</Borland.Personality>
			<Borland.ProjectType/>
			<BorlandProject>
				<Delphi.Personality>
					<Parameters>
						<Parameters Name="UseLauncher">False</Parameters>
						<Parameters Name="LoadAllSymbols">True</Parameters>
						<Parameters Name="LoadUnspecifiedSymbols">False</Parameters>
					</Parameters>
					<VersionInfo>
						<VersionInfo Name="IncludeVerInfo">False</VersionInfo>
						<VersionInfo Name="AutoIncBuild">False</VersionInfo>
						<VersionInfo Name="MajorVer">1</VersionInfo>
						<VersionInfo Name="MinorVer">0</VersionInfo>
						<VersionInfo Name="Release">0</VersionInfo>
						<VersionInfo Name="Build">0</VersionInfo>
						<VersionInfo Name="Debug">False</VersionInfo>
						<VersionInfo Name="PreRelease">False</VersionInfo>
						<VersionInfo Name="Special">False</VersionInfo>
						<VersionInfo Name="Private">False</VersionInfo>
						<VersionInfo Name="DLL">False</VersionInfo>
						<VersionInfo Name="Locale">1033</VersionInfo>
						<VersionInfo Name="CodePage">1252</VersionInfo>
					</VersionInfo>
					<VersionInfoKeys>
						<VersionInfoKeys Name="CompanyName"/>
						<VersionInfoKeys Name="FileDescription"/>
						<VersionInfoKeys Name="FileVersion">1.0.0.0</VersionInfoKeys>
						<VersionInfoKeys Name="InternalName"/>
						<VersionInfoKeys Name="LegalCopyright"/>
						<VersionInfoKeys Name="LegalTrademarks"/>
						<VersionInfoKeys Name="OriginalFilename"/>
						<VersionInfoKeys Name="ProductName"/>
						<VersionInfoKeys Name="ProductVersion">1.0.0.0</VersionInfoKeys>
						<VersionInfoKeys Name="Comments"/>
					</VersionInfoKeys>
					<Source>
						<Source Name="MainSource">DelphiMongoClientTests_XE2.dpr</Source>
					</Source>
					<Excluded_Packages>
						<Excluded_Packages Name="$(BDSBIN)\dcloffice2k160.bpl">Microsoft Office 2000 Sample Automation Server Wrapper Components</Excluded_Packages>
						<Excluded_Packages Name="$(BDSBIN)\dclofficexp160.bpl">Microsoft Office XP Sample Automation Server Wrapper Components</Excluded_Packages>
					</Excluded_Packages>
				</Delphi.Personality>
				<UnitTesting>
					<TestFramework>DUnit / Delphi Win32</TestFramework>
					<TestRunner>GUI</TestRunner>
					<TestProjectName/>
					<SourceProjectName/>
				</UnitTesting>
				<ModelSupport>False</ModelSupport>
				<Platforms>
					<Platform value="Win64">True</Platform>
					<Platform value="Win32">True</Platform>
				</Platforms>
			</BorlandProject>
			<ProjectFileVersion>12</ProjectFileVersion>
		</ProjectExtensions>
		<Import Project="$(BDS)\Bin\CodeGear.Delphi.Targets"/>
		<Import Project="$(BDS)\Bin\CodeGear.Delphi.Targets"/>
		<ItemGroup>
			<DelphiCompile Include="$(MainSource)">
				<MainSource>MainSource</MainSource>
			</DelphiCompile>
			<DCCReference Include="TestMongoDB.pas"/>
			<DCCReference Include="TestMongoBson.pas"/>
			<DCCReference Include="TestGridFS.pas"/>
			<DCCReference Include="TestMongoStream.pas"/>
			<DCCReference Include="TestMongoPool.pas"/>
			<DCCReference Include="..\APPEXEC.PAS"/>
			<DCCReference Include="..\uWinProcHelper.pas"/>
			<DCCReference Include="..\GridFS.pas"/>
			<DCCReference Include="..\MongoAPI.pas"/>
			<DCCReference Include="..\MongoBson.pas"/>
			<DCCReference Include="..\MongoDB.pas"/>
			<DCCReference Include="..\MongoPool.pas"/>
			<DCCReference Include="..\MongoStream.pas"/>
			<DCCReference Include="..\Ufilemanagement.pas"/>
			<DCCReference Include="..\uStack.pas"/>
			<DCCReference Include="TestuStack.pas"/>
			<DCCReference Include="..\uPrimitiveAllocator.pas"/>
			<DCCReference Include="TestuPrimitiveAllocator.pas"/>
			<DCCReference Include="TestuAllocators.pas"/>
			<DCCReference Include="..\uAllocators.pas"/>
			<BuildConfiguration Include="Debug">
				<Key>Cfg_2</Key>
				<CfgParent>Base</CfgParent>
			</BuildConfiguration>
			<BuildConfiguration Include="Debug no Overrun">
				<Key>Cfg_5</Key>
				<CfgParent>Cfg_2</CfgParent>
			</BuildConfiguration>
			<BuildConfiguration Include="DebugOnDemand">
				<Key>Cfg_3</Key>
				<CfgParent>Base</CfgParent>
			</BuildConfiguration>
			<BuildConfiguration Include="Base">
				<Key>Base</Key>
			</BuildConfiguration>
			<BuildConfiguration Include="Release">
				<Key>Cfg_1</Key>
				<CfgParent>Base</CfgParent>
			</BuildConfiguration>
		</ItemGroup>
		<Import Condition="Exists('$(APPDATA)\Embarcadero\$(BDSAPPDATABASEDIR)\$(PRODUCTVERSION)\UserTools.proj')" Project="$(APPDATA)\Embarcadero\$(BDSAPPDATABASEDIR)\$(PRODUCTVERSION)\UserTools.proj"/>
		<PropertyGroup Condition="'$(Config)'=='Release' And '$(Platform)'=='Win64'">
			<PreBuildEvent>copy $(OUTPUTDIR)MongoC\x64\Release_Memory_Protection\MongoC.dll $(OUTPUTDIR)</PreBuildEvent>
			<PreBuildEventIgnoreExitCode>False</PreBuildEventIgnoreExitCode>
			<PreLinkEvent/>
			<PreLinkEventIgnoreExitCode>False</PreLinkEventIgnoreExitCode>
			<PostBuildEvent/>
			<PostBuildEventIgnoreExitCode>False</PostBuildEventIgnoreExitCode>
		</PropertyGroup>
		<PropertyGroup Condition="'$(Config)'=='Release' And '$(Platform)'=='Win32'">
			<PreBuildEvent>copy $(OUTPUTDIR)MongoC\Win32\Release_Memory_Protection\MongoC.dll $(OUTPUTDIR)</PreBuildEvent>
			<PreBuildEventIgnoreExitCode>False</PreBuildEventIgnoreExitCode>
			<PreLinkEvent/>
			<PreLinkEventIgnoreExitCode>False</PreLinkEventIgnoreExitCode>
			<PostBuildEvent/>
			<PostBuildEventIgnoreExitCode>False</PostBuildEventIgnoreExitCode>
		</PropertyGroup>
		<PropertyGroup Condition="'$(Config)'=='Debug' And '$(Platform)'=='Win64'">
			<PreBuildEvent>copy $(OUTPUTDIR)MongoC\x64\Debug_Memory_Protection\MongoC.dll $(OUTPUTDIR)</PreBuildEvent>
			<PreBuildEventIgnoreExitCode>False</PreBuildEventIgnoreExitCode>
			<PreLinkEvent/>
			<PreLinkEventIgnoreExitCode>False</PreLinkEventIgnoreExitCode>
			<PostBuildEvent/>
			<PostBuildEventIgnoreExitCode>False</PostBuildEventIgnoreExitCode>
		</PropertyGroup>
		<PropertyGroup Condition="'$(Config)'=='Debug' And '$(Platform)'=='Win32'">
			<PreBuildEvent>copy $(OUTPUTDIR)MongoC\Win32\Debug_Memory_Protection\MongoC.dll  $(OUTPUTDIR)</PreBuildEvent>
			<PreBuildEventIgnoreExitCode>False</PreBuildEventIgnoreExitCode>
			<PreLinkEvent/>
			<PreLinkEventIgnoreExitCode>False</PreLinkEventIgnoreExitCode>
			<PostBuildEvent/>
			<PostBuildEventIgnoreExitCode>False</PostBuildEventIgnoreExitCode>
		</PropertyGroup>
		<PropertyGroup Condition="'$(Config)'=='Debug no Overrun' And '$(Platform)'=='Win64'">
			<PreBuildEvent>copy $(OUTPUTDIR)MongoC\x64\Debug\MongoC.dll $(OUTPUTDIR)&amp;&amp;copy $(OUTPUTDIR)MongoC\x64\Debug_Memory_Protection\MongoC.dll $(OUTPUTDIR)</PreBuildEvent>
			<PreBuildEventIgnoreExitCode>False</PreBuildEventIgnoreExitCode>
			<PreLinkEvent/>
			<PreLinkEventIgnoreExitCode>False</PreLinkEventIgnoreExitCode>
			<PostBuildEvent/>
			<PostBuildEventIgnoreExitCode>False</PostBuildEventIgnoreExitCode>
		</PropertyGroup>
		<PropertyGroup Condition="'$(Config)'=='Debug no Overrun' And '$(Platform)'=='Win32'">
			<PreBuildEvent>copy $(OUTPUTDIR)MongoC\Win32\Debug\MongoC.dll $(OUTPUTDIR)&amp;&amp;copy $(OUTPUTDIR)MongoC\Win32\Debug_Memory_Protection\MongoC.dll  $(OUTPUTDIR)</PreBuildEvent>
			<PreBuildEventIgnoreExitCode>False</PreBuildEventIgnoreExitCode>
			<PreLinkEvent/>
			<PreLinkEventIgnoreExitCode>False</PreLinkEventIgnoreExitCode>
			<PostBuildEvent/>
			<PostBuildEventIgnoreExitCode>False</PostBuildEventIgnoreExitCode>
		</PropertyGroup>
		<PropertyGroup Condition="'$(Config)'=='DebugOnDemand' And '$(Platform)'=='Win64'">
			<PreBuildEvent>copy $(OUTPUTDIR)MongoC\x64\Debug_Memory_Protection\MongoC.dll $(OUTPUTDIR)</PreBuildEvent>
			<PreBuildEventIgnoreExitCode>False</PreBuildEventIgnoreExitCode>
			<PreLinkEvent/>
			<PreLinkEventIgnoreExitCode>False</PreLinkEventIgnoreExitCode>
			<PostBuildEvent/>
			<PostBuildEventIgnoreExitCode>False</PostBuildEventIgnoreExitCode>
		</PropertyGroup>
		<PropertyGroup Condition="'$(Config)'=='DebugOnDemand' And '$(Platform)'=='Win32'">
			<PreBuildEvent>copy $(OUTPUTDIR)MongoC\Win32\Debug_Memory_Protection\MongoC.dll $(OUTPUTDIR)</PreBuildEvent>
			<PreBuildEventIgnoreExitCode>False</PreBuildEventIgnoreExitCode>
			<PreLinkEvent/>
			<PreLinkEventIgnoreExitCode>False</PreLinkEventIgnoreExitCode>
			<PostBuildEvent/>
			<PostBuildEventIgnoreExitCode>False</PostBuildEventIgnoreExitCode>
		</PropertyGroup>
	</Project>
